
Microsoft Visual Studio Solution File, Format Version 12.00
# Visual Studio Version 16
VisualStudioVersion = 16.0.31313.79
MinimumVisualStudioVersion = 10.0.40219.1
Project("{FAE04EC0-301F-11D3-BF4B-00C04F79EFBC}") = "bpmdrop_backend", "bpmdrop_backend\bpmdrop_backend.csproj", "{0F06BD3A-2A18-4A6F-8F60-D4BCFF9C0ACF}"
EndProject
Global
	GlobalSection(SolutionConfigurationPlatforms) = preSolution
		Debug|Any CPU = Debug|Any CPU
		Release|Any CPU = Release|Any CPU
	EndGlobalSection
	GlobalSection(ProjectConfigurationPlatforms) = postSolution
		{0F06BD3A-2A18-4A6F-8F60-D4BCFF9C0ACF}.Debug|Any CPU.ActiveCfg = Debug|Any CPU
		{0F06BD3A-2A18-4A6F-8F60-D4BCFF9C0ACF}.Debug|Any CPU.Build.0 = Debug|Any CPU
		{0F06BD3A-2A18-4A6F-8F60-D4BCFF9C0ACF}.Release|Any CPU.ActiveCfg = Release|Any CPU
		{0F06BD3A-2A18-4A6F-8F60-D4BCFF9C0ACF}.Release|Any CPU.Build.0 = Release|Any CPU
	EndGlobalSection
	GlobalSection(SolutionProperties) = preSolution
		HideSolutionNode = FALSE
	EndGlobalSection
	GlobalSection(ExtensibilityGlobals) = postSolution
		SolutionGuid = {2AE576AE-D0FC-4934-99AC-004EDBA7723B}
	EndGlobalSection
EndGlobal
